{
	"name": "main",
	"version": "0.1.0",
	"lockfileVersion": 1,
	"requires": true,
	"dependencies": {
		"postcss": {
			"version": "8.3.11",
			"resolved": "https://registry.npmjs.org/postcss/-/postcss-8.3.11.tgz",
			"integrity": "sha512-hCmlUAIlUiav8Xdqw3Io4LcpA1DOt7h3LSTAC4G6JGHFFaWzI6qvFt9oilvl8BmkbBRX1IhM90ZAmpk68zccQA==",
			"dev": true,
			"requires": {
				"nanoid": "^3.1.30",
				"picocolors": "^1.0.0",
				"source-map-js": "^0.6.2"
			},
			"dependencies": {
				"nanoid": {
					"version": "3.1.30",
					"resolved": "https://registry.npmjs.org/nanoid/-/nanoid-3.1.30.tgz",
					"integrity": "sha512-zJpuPDwOv8D2zq2WRoMe1HsfZthVewpel9CAvTfc/2mBD1uUT/agc5f7GHGWXlYkFvi1mVxe4IjvP2HNrop7nQ==",
					"dev": true
				},
				"picocolors": {
					"version": "1.0.0",
					"resolved": "https://registry.npmjs.org/picocolors/-/picocolors-1.0.0.tgz",
					"integrity": "sha512-1fygroTLlHu66zi26VoTDv8yRgm0Fccecssto+MhsZ0D/DGW2sm8E8AjW7NU5VVTRt5GxbeZ5qBuJr+HyLYkjQ==",
					"dev": true
				},
				"source-map-js": {
					"version": "0.6.2",
					"resolved": "https://registry.npmjs.org/source-map-js/-/source-map-js-0.6.2.tgz",
					"integrity": "sha512-/3GptzWzu0+0MBQFrDKzw/DvvMTUORvgY6k6jd/VS6iCR4RDTKWH6v6WPwQoUO8667uQEf9Oe38DxAYWY5F/Ug==",
					"dev": true
				}
			}
		}
	}
}
